
Microsoft Visual Studio Solution File, Format Version 12.00
# Visual Studio 15
VisualStudioVersion = 15.0.27130.2020
MinimumVisualStudioVersion = 10.0.40219.1
Project("{FAE04EC0-301F-11D3-BF4B-00C04F79EFBC}") = "FavBooks.Core", "FavBooks.Core\FavBooks.Core.csproj", "{4BC9280E-6673-4B78-B5E0-4A77D938620D}"
EndProject
Project("{FAE04EC0-301F-11D3-BF4B-00C04F79EFBC}") = "FavBooks.DataAccess", "FavBooks.DataAccess\FavBooks.DataAccess.csproj", "{B947C0F2-C3EB-4529-AA26-C5BD029E6FD5}"
EndProject
Project("{FAE04EC0-301F-11D3-BF4B-00C04F79EFBC}") = "FavBooks.Web", "FavBooks.Web\FavBooks.Web.csproj", "{23DFCFD5-B158-4C0D-9C31-5E9CB64C64CF}"
EndProject
Project("{FAE04EC0-301F-11D3-BF4B-00C04F79EFBC}") = "FavBooks.Models", "FavBooks.Models\FavBooks.Models.csproj", "{D90907CA-3FC8-489E-922F-D3C9924E7C3A}"
EndProject
Project("{FAE04EC0-301F-11D3-BF4B-00C04F79EFBC}") = "FavBooks.RequestModels", "FavBooks.RequestModels\FavBooks.RequestModels.csproj", "{89B82121-08CA-4E27-B26E-FDDCD611BBF0}"
EndProject
Global
	GlobalSection(SolutionConfigurationPlatforms) = preSolution
		Debug|Any CPU = Debug|Any CPU
		Release|Any CPU = Release|Any CPU
	EndGlobalSection
	GlobalSection(ProjectConfigurationPlatforms) = postSolution
		{4BC9280E-6673-4B78-B5E0-4A77D938620D}.Debug|Any CPU.ActiveCfg = Debug|Any CPU
		{4BC9280E-6673-4B78-B5E0-4A77D938620D}.Debug|Any CPU.Build.0 = Debug|Any CPU
		{4BC9280E-6673-4B78-B5E0-4A77D938620D}.Release|Any CPU.ActiveCfg = Release|Any CPU
		{4BC9280E-6673-4B78-B5E0-4A77D938620D}.Release|Any CPU.Build.0 = Release|Any CPU
		{B947C0F2-C3EB-4529-AA26-C5BD029E6FD5}.Debug|Any CPU.ActiveCfg = Debug|Any CPU
		{B947C0F2-C3EB-4529-AA26-C5BD029E6FD5}.Debug|Any CPU.Build.0 = Debug|Any CPU
		{B947C0F2-C3EB-4529-AA26-C5BD029E6FD5}.Release|Any CPU.ActiveCfg = Release|Any CPU
		{B947C0F2-C3EB-4529-AA26-C5BD029E6FD5}.Release|Any CPU.Build.0 = Release|Any CPU
		{23DFCFD5-B158-4C0D-9C31-5E9CB64C64CF}.Debug|Any CPU.ActiveCfg = Debug|Any CPU
		{23DFCFD5-B158-4C0D-9C31-5E9CB64C64CF}.Debug|Any CPU.Build.0 = Debug|Any CPU
		{23DFCFD5-B158-4C0D-9C31-5E9CB64C64CF}.Release|Any CPU.ActiveCfg = Release|Any CPU
		{23DFCFD5-B158-4C0D-9C31-5E9CB64C64CF}.Release|Any CPU.Build.0 = Release|Any CPU
		{D90907CA-3FC8-489E-922F-D3C9924E7C3A}.Debug|Any CPU.ActiveCfg = Debug|Any CPU
		{D90907CA-3FC8-489E-922F-D3C9924E7C3A}.Debug|Any CPU.Build.0 = Debug|Any CPU
		{D90907CA-3FC8-489E-922F-D3C9924E7C3A}.Release|Any CPU.ActiveCfg = Release|Any CPU
		{D90907CA-3FC8-489E-922F-D3C9924E7C3A}.Release|Any CPU.Build.0 = Release|Any CPU
		{89B82121-08CA-4E27-B26E-FDDCD611BBF0}.Debug|Any CPU.ActiveCfg = Debug|Any CPU
		{89B82121-08CA-4E27-B26E-FDDCD611BBF0}.Debug|Any CPU.Build.0 = Debug|Any CPU
		{89B82121-08CA-4E27-B26E-FDDCD611BBF0}.Release|Any CPU.ActiveCfg = Release|Any CPU
		{89B82121-08CA-4E27-B26E-FDDCD611BBF0}.Release|Any CPU.Build.0 = Release|Any CPU
	EndGlobalSection
	GlobalSection(SolutionProperties) = preSolution
		HideSolutionNode = FALSE
	EndGlobalSection
	GlobalSection(ExtensibilityGlobals) = postSolution
		SolutionGuid = {04A7DB81-7A96-4BC9-9FB3-BAB8F20DEAE8}
	EndGlobalSection
EndGlobal
